// !$*UTF8*$!
{
	archiveVersion = 1;
	classes = {
	};
	objectVersion = 46;
	objects = {

/* Begin PBXBuildFile section */
		BC49E3C61A9E2CA400A2CEAC /* nopcodes.c in Sources */ = {isa = PBXBuildFile; fileRef = BC49E3C51A9E2CA400A2CEAC /* nopcodes.c */; };
		BC4CBD891A944B5600C50272 /* lapi.c in Sources */ = {isa = PBXBuildFile; fileRef = BC4CBD511A944B5600C50272 /* lapi.c */; };
		BC4CBD8A1A944B5600C50272 /* lauxlib.c in Sources */ = {isa = PBXBuildFile; fileRef = BC4CBD531A944B5600C50272 /* lauxlib.c */; };
		BC4CBD8B1A944B5600C50272 /* lbaselib.c in Sources */ = {isa = PBXBuildFile; fileRef = BC4CBD551A944B5600C50272 /* lbaselib.c */; };
		BC4CBD8C1A944B5600C50272 /* lcode.c in Sources */ = {isa = PBXBuildFile; fileRef = BC4CBD561A944B5600C50272 /* lcode.c */; };
		BC4CBD8D1A944B5600C50272 /* ldblib.c in Sources */ = {isa = PBXBuildFile; fileRef = BC4CBD581A944B5600C50272 /* ldblib.c */; };
		BC4CBD8E1A944B5600C50272 /* ldebug.c in Sources */ = {isa = PBXBuildFile; fileRef = BC4CBD591A944B5600C50272 /* ldebug.c */; };
		BC4CBD8F1A944B5600C50272 /* ldo.c in Sources */ = {isa = PBXBuildFile; fileRef = BC4CBD5B1A944B5600C50272 /* ldo.c */; };
		BC4CBD901A944B5600C50272 /* ldump.c in Sources */ = {isa = PBXBuildFile; fileRef = BC4CBD5D1A944B5600C50272 /* ldump.c */; };
		BC4CBD911A944B5600C50272 /* lfunc.c in Sources */ = {isa = PBXBuildFile; fileRef = BC4CBD5E1A944B5600C50272 /* lfunc.c */; };
		BC4CBD921A944B5600C50272 /* lgc.c in Sources */ = {isa = PBXBuildFile; fileRef = BC4CBD601A944B5600C50272 /* lgc.c */; };
		BC4CBD931A944B5600C50272 /* linit.c in Sources */ = {isa = PBXBuildFile; fileRef = BC4CBD621A944B5600C50272 /* linit.c */; };
		BC4CBD941A944B5600C50272 /* liolib.c in Sources */ = {isa = PBXBuildFile; fileRef = BC4CBD631A944B5600C50272 /* liolib.c */; };
		BC4CBD951A944B5600C50272 /* llex.c in Sources */ = {isa = PBXBuildFile; fileRef = BC4CBD641A944B5600C50272 /* llex.c */; };
		BC4CBD961A944B5600C50272 /* lmathlib.c in Sources */ = {isa = PBXBuildFile; fileRef = BC4CBD671A944B5600C50272 /* lmathlib.c */; };
		BC4CBD971A944B5600C50272 /* lmem.c in Sources */ = {isa = PBXBuildFile; fileRef = BC4CBD681A944B5600C50272 /* lmem.c */; };
		BC4CBD981A944B5600C50272 /* loadlib.c in Sources */ = {isa = PBXBuildFile; fileRef = BC4CBD6A1A944B5600C50272 /* loadlib.c */; };
		BC4CBD991A944B5600C50272 /* lobject.c in Sources */ = {isa = PBXBuildFile; fileRef = BC4CBD6B1A944B5600C50272 /* lobject.c */; };
		BC4CBD9A1A944B5600C50272 /* lopcodes.c in Sources */ = {isa = PBXBuildFile; fileRef = BC4CBD6D1A944B5600C50272 /* lopcodes.c */; };
		BC4CBD9B1A944B5600C50272 /* loslib.c in Sources */ = {isa = PBXBuildFile; fileRef = BC4CBD6F1A944B5600C50272 /* loslib.c */; };
		BC4CBD9C1A944B5600C50272 /* lparser.c in Sources */ = {isa = PBXBuildFile; fileRef = BC4CBD701A944B5600C50272 /* lparser.c */; };
		BC4CBD9D1A944B5600C50272 /* lstate.c in Sources */ = {isa = PBXBuildFile; fileRef = BC4CBD721A944B5600C50272 /* lstate.c */; };
		BC4CBD9E1A944B5600C50272 /* lstring.c in Sources */ = {isa = PBXBuildFile; fileRef = BC4CBD741A944B5600C50272 /* lstring.c */; };
		BC4CBD9F1A944B5600C50272 /* lstrlib.c in Sources */ = {isa = PBXBuildFile; fileRef = BC4CBD761A944B5600C50272 /* lstrlib.c */; };
		BC4CBDA01A944B5600C50272 /* ltable.c in Sources */ = {isa = PBXBuildFile; fileRef = BC4CBD771A944B5600C50272 /* ltable.c */; };
		BC4CBDA11A944B5600C50272 /* ltablib.c in Sources */ = {isa = PBXBuildFile; fileRef = BC4CBD791A944B5600C50272 /* ltablib.c */; };
		BC4CBDA21A944B5600C50272 /* ltm.c in Sources */ = {isa = PBXBuildFile; fileRef = BC4CBD7A1A944B5600C50272 /* ltm.c */; };
		BC4CBDA31A944B5600C50272 /* lua.c in Sources */ = {isa = PBXBuildFile; fileRef = BC4CBD7C1A944B5600C50272 /* lua.c */; };
		BC4CBDA51A944B5600C50272 /* lundump.c in Sources */ = {isa = PBXBuildFile; fileRef = BC4CBD811A944B5600C50272 /* lundump.c */; };
		BC4CBDA61A944B5600C50272 /* lvm.c in Sources */ = {isa = PBXBuildFile; fileRef = BC4CBD831A944B5600C50272 /* lvm.c */; };
		BC4CBDA71A944B5600C50272 /* lzio.c in Sources */ = {isa = PBXBuildFile; fileRef = BC4CBD851A944B5600C50272 /* lzio.c */; };
		BC4CBDA81A944B5600C50272 /* Makefile in Sources */ = {isa = PBXBuildFile; fileRef = BC4CBD871A944B5600C50272 /* Makefile */; };
		BC4CBDA91A944B5600C50272 /* print.c in Sources */ = {isa = PBXBuildFile; fileRef = BC4CBD881A944B5600C50272 /* print.c */; };
		BC78D55E1A9F28600024E3A2 /* nlua.c in Sources */ = {isa = PBXBuildFile; fileRef = BC78D55D1A9F28600024E3A2 /* nlua.c */; };
		BCADED051A9A1DB400356922 /* ndump.c in Sources */ = {isa = PBXBuildFile; fileRef = BCADED021A9A1DB400356922 /* ndump.c */; };
		BCADED061A9A1DB400356922 /* nundump.c in Sources */ = {isa = PBXBuildFile; fileRef = BCADED031A9A1DB400356922 /* nundump.c */; };
		BCADED691A9AD53500356922 /* nluac.c in Sources */ = {isa = PBXBuildFile; fileRef = BCADED681A9AD53500356922 /* nluac.c */; };
		BCADED6E1A9ADADF00356922 /* crc.c in Sources */ = {isa = PBXBuildFile; fileRef = BCADED6A1A9ADADF00356922 /* crc.c */; };
		BCADED6F1A9ADADF00356922 /* xor.c in Sources */ = {isa = PBXBuildFile; fileRef = BCADED6C1A9ADADF00356922 /* xor.c */; };
/* End PBXBuildFile section */

/* Begin PBXCopyFilesBuildPhase section */
		BC4CBCA71A944AAD00C50272 /* CopyFiles */ = {
			isa = PBXCopyFilesBuildPhase;
			buildActionMask = 2147483647;
			dstPath = /usr/share/man/man1/;
			dstSubfolderSpec = 0;
			files = (
			);
			runOnlyForDeploymentPostprocessing = 1;
		};
/* End PBXCopyFilesBuildPhase section */

/* Begin PBXFileReference section */
		BC49E3C41A9E2C9000A2CEAC /* nopcodes.h */ = {isa = PBXFileReference; lastKnownFileType = sourcecode.c.h; name = nopcodes.h; path = ../../src/nopcodes.h; sourceTree = "<group>"; };
		BC49E3C51A9E2CA400A2CEAC /* nopcodes.c */ = {isa = PBXFileReference; fileEncoding = 4; indentWidth = 2; lastKnownFileType = sourcecode.c.c; name = nopcodes.c; path = ../../src/nopcodes.c; sourceTree = "<group>"; tabWidth = 2; };
		BC4CBCA91A944AAD00C50272 /* nlua */ = {isa = PBXFileReference; explicitFileType = "compiled.mach-o.executable"; includeInIndex = 0; path = nlua; sourceTree = BUILT_PRODUCTS_DIR; };
		BC4CBD511A944B5600C50272 /* lapi.c */ = {isa = PBXFileReference; fileEncoding = 4; indentWidth = 2; lastKnownFileType = sourcecode.c.c; name = lapi.c; path = ../../src/lapi.c; sourceTree = "<group>"; tabWidth = 2; };
		BC4CBD521A944B5600C50272 /* lapi.h */ = {isa = PBXFileReference; fileEncoding = 4; lastKnownFileType = sourcecode.c.h; name = lapi.h; path = ../../src/lapi.h; sourceTree = "<group>"; };
		BC4CBD531A944B5600C50272 /* lauxlib.c */ = {isa = PBXFileReference; fileEncoding = 4; indentWidth = 2; lastKnownFileType = sourcecode.c.c; name = lauxlib.c; path = ../../src/lauxlib.c; sourceTree = "<group>"; tabWidth = 2; };
		BC4CBD541A944B5600C50272 /* lauxlib.h */ = {isa = PBXFileReference; fileEncoding = 4; lastKnownFileType = sourcecode.c.h; name = lauxlib.h; path = ../../src/lauxlib.h; sourceTree = "<group>"; };
		BC4CBD551A944B5600C50272 /* lbaselib.c */ = {isa = PBXFileReference; fileEncoding = 4; lastKnownFileType = sourcecode.c.c; name = lbaselib.c; path = ../../src/lbaselib.c; sourceTree = "<group>"; };
		BC4CBD561A944B5600C50272 /* lcode.c */ = {isa = PBXFileReference; fileEncoding = 4; indentWidth = 2; lastKnownFileType = sourcecode.c.c; name = lcode.c; path = ../../src/lcode.c; sourceTree = "<group>"; tabWidth = 2; };
		BC4CBD571A944B5600C50272 /* lcode.h */ = {isa = PBXFileReference; fileEncoding = 4; lastKnownFileType = sourcecode.c.h; name = lcode.h; path = ../../src/lcode.h; sourceTree = "<group>"; };
		BC4CBD581A944B5600C50272 /* ldblib.c */ = {isa = PBXFileReference; fileEncoding = 4; lastKnownFileType = sourcecode.c.c; name = ldblib.c; path = ../../src/ldblib.c; sourceTree = "<group>"; };
		BC4CBD591A944B5600C50272 /* ldebug.c */ = {isa = PBXFileReference; fileEncoding = 4; indentWidth = 2; lastKnownFileType = sourcecode.c.c; name = ldebug.c; path = ../../src/ldebug.c; sourceTree = "<group>"; tabWidth = 2; };
		BC4CBD5A1A944B5600C50272 /* ldebug.h */ = {isa = PBXFileReference; fileEncoding = 4; lastKnownFileType = sourcecode.c.h; name = ldebug.h; path = ../../src/ldebug.h; sourceTree = "<group>"; };
		BC4CBD5B1A944B5600C50272 /* ldo.c */ = {isa = PBXFileReference; fileEncoding = 4; indentWidth = 2; lastKnownFileType = sourcecode.c.c; name = ldo.c; path = ../../src/ldo.c; sourceTree = "<group>"; tabWidth = 2; };
		BC4CBD5C1A944B5600C50272 /* ldo.h */ = {isa = PBXFileReference; fileEncoding = 4; lastKnownFileType = sourcecode.c.h; name = ldo.h; path = ../../src/ldo.h; sourceTree = "<group>"; };
		BC4CBD5D1A944B5600C50272 /* ldump.c */ = {isa = PBXFileReference; fileEncoding = 4; lastKnownFileType = sourcecode.c.c; name = ldump.c; path = ../../src/ldump.c; sourceTree = "<group>"; };
		BC4CBD5E1A944B5600C50272 /* lfunc.c */ = {isa = PBXFileReference; fileEncoding = 4; lastKnownFileType = sourcecode.c.c; name = lfunc.c; path = ../../src/lfunc.c; sourceTree = "<group>"; };
		BC4CBD5F1A944B5600C50272 /* lfunc.h */ = {isa = PBXFileReference; fileEncoding = 4; lastKnownFileType = sourcecode.c.h; name = lfunc.h; path = ../../src/lfunc.h; sourceTree = "<group>"; };
		BC4CBD601A944B5600C50272 /* lgc.c */ = {isa = PBXFileReference; fileEncoding = 4; indentWidth = 2; lastKnownFileType = sourcecode.c.c; name = lgc.c; path = ../../src/lgc.c; sourceTree = "<group>"; tabWidth = 2; };
		BC4CBD611A944B5600C50272 /* lgc.h */ = {isa = PBXFileReference; fileEncoding = 4; lastKnownFileType = sourcecode.c.h; name = lgc.h; path = ../../src/lgc.h; sourceTree = "<group>"; };
		BC4CBD621A944B5600C50272 /* linit.c */ = {isa = PBXFileReference; fileEncoding = 4; lastKnownFileType = sourcecode.c.c; name = linit.c; path = ../../src/linit.c; sourceTree = "<group>"; };
		BC4CBD631A944B5600C50272 /* liolib.c */ = {isa = PBXFileReference; fileEncoding = 4; lastKnownFileType = sourcecode.c.c; name = liolib.c; path = ../../src/liolib.c; sourceTree = "<group>"; };
		BC4CBD641A944B5600C50272 /* llex.c */ = {isa = PBXFileReference; fileEncoding = 4; lastKnownFileType = sourcecode.c.c; name = llex.c; path = ../../src/llex.c; sourceTree = "<group>"; };
		BC4CBD651A944B5600C50272 /* llex.h */ = {isa = PBXFileReference; fileEncoding = 4; lastKnownFileType = sourcecode.c.h; name = llex.h; path = ../../src/llex.h; sourceTree = "<group>"; };
		BC4CBD661A944B5600C50272 /* llimits.h */ = {isa = PBXFileReference; fileEncoding = 4; lastKnownFileType = sourcecode.c.h; name = llimits.h; path = ../../src/llimits.h; sourceTree = "<group>"; };
		BC4CBD671A944B5600C50272 /* lmathlib.c */ = {isa = PBXFileReference; fileEncoding = 4; lastKnownFileType = sourcecode.c.c; name = lmathlib.c; path = ../../src/lmathlib.c; sourceTree = "<group>"; };
		BC4CBD681A944B5600C50272 /* lmem.c */ = {isa = PBXFileReference; fileEncoding = 4; lastKnownFileType = sourcecode.c.c; name = lmem.c; path = ../../src/lmem.c; sourceTree = "<group>"; };
		BC4CBD691A944B5600C50272 /* lmem.h */ = {isa = PBXFileReference; fileEncoding = 4; lastKnownFileType = sourcecode.c.h; name = lmem.h; path = ../../src/lmem.h; sourceTree = "<group>"; };
		BC4CBD6A1A944B5600C50272 /* loadlib.c */ = {isa = PBXFileReference; fileEncoding = 4; lastKnownFileType = sourcecode.c.c; name = loadlib.c; path = ../../src/loadlib.c; sourceTree = "<group>"; };
		BC4CBD6B1A944B5600C50272 /* lobject.c */ = {isa = PBXFileReference; fileEncoding = 4; lastKnownFileType = sourcecode.c.c; name = lobject.c; path = ../../src/lobject.c; sourceTree = "<group>"; };
		BC4CBD6C1A944B5600C50272 /* lobject.h */ = {isa = PBXFileReference; fileEncoding = 4; lastKnownFileType = sourcecode.c.h; name = lobject.h; path = ../../src/lobject.h; sourceTree = "<group>"; };
		BC4CBD6D1A944B5600C50272 /* lopcodes.c */ = {isa = PBXFileReference; fileEncoding = 4; indentWidth = 2; lastKnownFileType = sourcecode.c.c; name = lopcodes.c; path = ../../src/lopcodes.c; sourceTree = "<group>"; tabWidth = 2; };
		BC4CBD6E1A944B5600C50272 /* lopcodes.h */ = {isa = PBXFileReference; fileEncoding = 4; indentWidth = 2; lastKnownFileType = sourcecode.c.h; name = lopcodes.h; path = ../../src/lopcodes.h; sourceTree = "<group>"; tabWidth = 2; };
		BC4CBD6F1A944B5600C50272 /* loslib.c */ = {isa = PBXFileReference; fileEncoding = 4; lastKnownFileType = sourcecode.c.c; name = loslib.c; path = ../../src/loslib.c; sourceTree = "<group>"; };
		BC4CBD701A944B5600C50272 /* lparser.c */ = {isa = PBXFileReference; fileEncoding = 4; indentWidth = 2; lastKnownFileType = sourcecode.c.c; name = lparser.c; path = ../../src/lparser.c; sourceTree = "<group>"; tabWidth = 2; };
		BC4CBD711A944B5600C50272 /* lparser.h */ = {isa = PBXFileReference; fileEncoding = 4; lastKnownFileType = sourcecode.c.h; name = lparser.h; path = ../../src/lparser.h; sourceTree = "<group>"; };
		BC4CBD721A944B5600C50272 /* lstate.c */ = {isa = PBXFileReference; fileEncoding = 4; indentWidth = 2; lastKnownFileType = sourcecode.c.c; name = lstate.c; path = ../../src/lstate.c; sourceTree = "<group>"; tabWidth = 2; };
		BC4CBD731A944B5600C50272 /* lstate.h */ = {isa = PBXFileReference; fileEncoding = 4; indentWidth = 2; lastKnownFileType = sourcecode.c.h; name = lstate.h; path = ../../src/lstate.h; sourceTree = "<group>"; tabWidth = 2; };
		BC4CBD741A944B5600C50272 /* lstring.c */ = {isa = PBXFileReference; fileEncoding = 4; indentWidth = 2; lastKnownFileType = sourcecode.c.c; name = lstring.c; path = ../../src/lstring.c; sourceTree = "<group>"; tabWidth = 2; };
		BC4CBD751A944B5600C50272 /* lstring.h */ = {isa = PBXFileReference; fileEncoding = 4; lastKnownFileType = sourcecode.c.h; name = lstring.h; path = ../../src/lstring.h; sourceTree = "<group>"; };
		BC4CBD761A944B5600C50272 /* lstrlib.c */ = {isa = PBXFileReference; fileEncoding = 4; lastKnownFileType = sourcecode.c.c; name = lstrlib.c; path = ../../src/lstrlib.c; sourceTree = "<group>"; };
		BC4CBD771A944B5600C50272 /* ltable.c */ = {isa = PBXFileReference; fileEncoding = 4; lastKnownFileType = sourcecode.c.c; name = ltable.c; path = ../../src/ltable.c; sourceTree = "<group>"; };
		BC4CBD781A944B5600C50272 /* ltable.h */ = {isa = PBXFileReference; fileEncoding = 4; lastKnownFileType = sourcecode.c.h; name = ltable.h; path = ../../src/ltable.h; sourceTree = "<group>"; };
		BC4CBD791A944B5600C50272 /* ltablib.c */ = {isa = PBXFileReference; fileEncoding = 4; lastKnownFileType = sourcecode.c.c; name = ltablib.c; path = ../../src/ltablib.c; sourceTree = "<group>"; };
		BC4CBD7A1A944B5600C50272 /* ltm.c */ = {isa = PBXFileReference; fileEncoding = 4; lastKnownFileType = sourcecode.c.c; name = ltm.c; path = ../../src/ltm.c; sourceTree = "<group>"; };
		BC4CBD7B1A944B5600C50272 /* ltm.h */ = {isa = PBXFileReference; fileEncoding = 4; lastKnownFileType = sourcecode.c.h; name = ltm.h; path = ../../src/ltm.h; sourceTree = "<group>"; };
		BC4CBD7C1A944B5600C50272 /* lua.c */ = {isa = PBXFileReference; fileEncoding = 4; indentWidth = 2; lastKnownFileType = sourcecode.c.c; name = lua.c; path = ../../src/lua.c; sourceTree = "<group>"; tabWidth = 2; };
		BC4CBD7D1A944B5600C50272 /* lua.h */ = {isa = PBXFileReference; fileEncoding = 4; indentWidth = 2; lastKnownFileType = sourcecode.c.h; name = lua.h; path = ../../src/lua.h; sourceTree = "<group>"; tabWidth = 2; };
		BC4CBD7F1A944B5600C50272 /* luaconf.h */ = {isa = PBXFileReference; fileEncoding = 4; lastKnownFileType = sourcecode.c.h; name = luaconf.h; path = ../../src/luaconf.h; sourceTree = "<group>"; };
		BC4CBD801A944B5600C50272 /* lualib.h */ = {isa = PBXFileReference; fileEncoding = 4; lastKnownFileType = sourcecode.c.h; name = lualib.h; path = ../../src/lualib.h; sourceTree = "<group>"; };
		BC4CBD811A944B5600C50272 /* lundump.c */ = {isa = PBXFileReference; fileEncoding = 4; indentWidth = 2; lastKnownFileType = sourcecode.c.c; name = lundump.c; path = ../../src/lundump.c; sourceTree = "<group>"; tabWidth = 2; };
		BC4CBD821A944B5600C50272 /* lundump.h */ = {isa = PBXFileReference; fileEncoding = 4; lastKnownFileType = sourcecode.c.h; name = lundump.h; path = ../../src/lundump.h; sourceTree = "<group>"; };
		BC4CBD831A944B5600C50272 /* lvm.c */ = {isa = PBXFileReference; fileEncoding = 4; indentWidth = 2; lastKnownFileType = sourcecode.c.c; name = lvm.c; path = ../../src/lvm.c; sourceTree = "<group>"; tabWidth = 2; };
		BC4CBD841A944B5600C50272 /* lvm.h */ = {isa = PBXFileReference; fileEncoding = 4; lastKnownFileType = sourcecode.c.h; name = lvm.h; path = ../../src/lvm.h; sourceTree = "<group>"; };
		BC4CBD851A944B5600C50272 /* lzio.c */ = {isa = PBXFileReference; fileEncoding = 4; indentWidth = 2; lastKnownFileType = sourcecode.c.c; name = lzio.c; path = ../../src/lzio.c; sourceTree = "<group>"; tabWidth = 2; };
		BC4CBD861A944B5600C50272 /* lzio.h */ = {isa = PBXFileReference; fileEncoding = 4; lastKnownFileType = sourcecode.c.h; name = lzio.h; path = ../../src/lzio.h; sourceTree = "<group>"; };
		BC4CBD871A944B5600C50272 /* Makefile */ = {isa = PBXFileReference; fileEncoding = 4; indentWidth = 2; lastKnownFileType = sourcecode.make; name = Makefile; path = ../../src/Makefile; sourceTree = "<group>"; tabWidth = 2; };
		BC4CBD881A944B5600C50272 /* print.c */ = {isa = PBXFileReference; fileEncoding = 4; indentWidth = 2; lastKnownFileType = sourcecode.c.c; name = print.c; path = ../../src/print.c; sourceTree = "<group>"; tabWidth = 2; };
		BC78D55D1A9F28600024E3A2 /* nlua.c */ = {isa = PBXFileReference; fileEncoding = 4; indentWidth = 2; lastKnownFileType = sourcecode.c.c; name = nlua.c; path = ../../src/nlua.c; sourceTree = "<group>"; tabWidth = 2; };
		BCADED021A9A1DB400356922 /* ndump.c */ = {isa = PBXFileReference; fileEncoding = 4; indentWidth = 2; lastKnownFileType = sourcecode.c.c; name = ndump.c; path = ../../src/ndump.c; sourceTree = "<group>"; tabWidth = 2; };
		BCADED031A9A1DB400356922 /* nundump.c */ = {isa = PBXFileReference; fileEncoding = 4; indentWidth = 2; lastKnownFileType = sourcecode.c.c; name = nundump.c; path = ../../src/nundump.c; sourceTree = "<group>"; tabWidth = 2; };
		BCADED041A9A1DB400356922 /* nundump.h */ = {isa = PBXFileReference; fileEncoding = 4; indentWidth = 2; lastKnownFileType = sourcecode.c.h; name = nundump.h; path = ../../src/nundump.h; sourceTree = "<group>"; tabWidth = 2; };
		BCADED071A9AC87F00356922 /* nlua.h */ = {isa = PBXFileReference; indentWidth = 2; lastKnownFileType = sourcecode.c.h; name = nlua.h; path = ../../src/nlua.h; sourceTree = "<group>"; tabWidth = 2; };
		BCADED681A9AD53500356922 /* nluac.c */ = {isa = PBXFileReference; fileEncoding = 4; indentWidth = 2; lastKnownFileType = sourcecode.c.c; name = nluac.c; path = ../../src/nluac.c; sourceTree = "<group>"; tabWidth = 2; };
		BCADED6A1A9ADADF00356922 /* crc.c */ = {isa = PBXFileReference; fileEncoding = 4; lastKnownFileType = sourcecode.c.c; name = crc.c; path = ../../src/crc.c; sourceTree = "<group>"; };
		BCADED6B1A9ADADF00356922 /* crc.h */ = {isa = PBXFileReference; fileEncoding = 4; lastKnownFileType = sourcecode.c.h; name = crc.h; path = ../../src/crc.h; sourceTree = "<group>"; };
		BCADED6C1A9ADADF00356922 /* xor.c */ = {isa = PBXFileReference; fileEncoding = 4; lastKnownFileType = sourcecode.c.c; name = xor.c; path = ../../src/xor.c; sourceTree = "<group>"; };
		BCADED6D1A9ADADF00356922 /* xor.h */ = {isa = PBXFileReference; fileEncoding = 4; lastKnownFileType = sourcecode.c.h; name = xor.h; path = ../../src/xor.h; sourceTree = "<group>"; };
		BCB825BC1A9F935700CEF718 /* lvmorig */ = {isa = PBXFileReference; fileEncoding = 4; lastKnownFileType = text; name = lvmorig; path = ../../src/lvmorig; sourceTree = "<group>"; };
/* End PBXFileReference section */

/* Begin PBXFrameworksBuildPhase section */
		BC4CBCA61A944AAD00C50272 /* Frameworks */ = {
			isa = PBXFrameworksBuildPhase;
			buildActionMask = 2147483647;
			files = (
			);
			runOnlyForDeploymentPostprocessing = 0;
		};
/* End PBXFrameworksBuildPhase section */

/* Begin PBXGroup section */
		BC4CBCA01A944AAD00C50272 = {
			isa = PBXGroup;
			children = (
				BC4CBCAB1A944AAD00C50272 /* nlua */,
				BC4CBCAA1A944AAD00C50272 /* Products */,
			);
			sourceTree = "<group>";
		};
		BC4CBCAA1A944AAD00C50272 /* Products */ = {
			isa = PBXGroup;
			children = (
				BC4CBCA91A944AAD00C50272 /* nlua */,
			);
			name = Products;
			sourceTree = "<group>";
		};
		BC4CBCAB1A944AAD00C50272 /* nlua */ = {
			isa = PBXGroup;
			children = (
				BCADED6A1A9ADADF00356922 /* crc.c */,
				BCADED6B1A9ADADF00356922 /* crc.h */,
				BC4CBD511A944B5600C50272 /* lapi.c */,
				BC4CBD521A944B5600C50272 /* lapi.h */,
				BC4CBD531A944B5600C50272 /* lauxlib.c */,
				BC4CBD541A944B5600C50272 /* lauxlib.h */,
				BC4CBD551A944B5600C50272 /* lbaselib.c */,
				BC4CBD561A944B5600C50272 /* lcode.c */,
				BC4CBD571A944B5600C50272 /* lcode.h */,
				BC4CBD581A944B5600C50272 /* ldblib.c */,
				BC4CBD591A944B5600C50272 /* ldebug.c */,
				BC4CBD5A1A944B5600C50272 /* ldebug.h */,
				BC4CBD5B1A944B5600C50272 /* ldo.c */,
				BC4CBD5C1A944B5600C50272 /* ldo.h */,
				BC4CBD5D1A944B5600C50272 /* ldump.c */,
				BC4CBD5E1A944B5600C50272 /* lfunc.c */,
				BC4CBD5F1A944B5600C50272 /* lfunc.h */,
				BC4CBD601A944B5600C50272 /* lgc.c */,
				BC4CBD611A944B5600C50272 /* lgc.h */,
				BC4CBD621A944B5600C50272 /* linit.c */,
				BC4CBD631A944B5600C50272 /* liolib.c */,
				BC4CBD641A944B5600C50272 /* llex.c */,
				BC4CBD651A944B5600C50272 /* llex.h */,
				BC4CBD661A944B5600C50272 /* llimits.h */,
				BC4CBD671A944B5600C50272 /* lmathlib.c */,
				BC4CBD681A944B5600C50272 /* lmem.c */,
				BC4CBD691A944B5600C50272 /* lmem.h */,
				BC4CBD6A1A944B5600C50272 /* loadlib.c */,
				BC4CBD6B1A944B5600C50272 /* lobject.c */,
				BC4CBD6C1A944B5600C50272 /* lobject.h */,
				BC4CBD6D1A944B5600C50272 /* lopcodes.c */,
				BC4CBD6E1A944B5600C50272 /* lopcodes.h */,
				BC4CBD6F1A944B5600C50272 /* loslib.c */,
				BC4CBD701A944B5600C50272 /* lparser.c */,
				BC4CBD711A944B5600C50272 /* lparser.h */,
				BC4CBD721A944B5600C50272 /* lstate.c */,
				BC4CBD731A944B5600C50272 /* lstate.h */,
				BC4CBD741A944B5600C50272 /* lstring.c */,
				BC4CBD751A944B5600C50272 /* lstring.h */,
				BC4CBD761A944B5600C50272 /* lstrlib.c */,
				BC4CBD771A944B5600C50272 /* ltable.c */,
				BC4CBD781A944B5600C50272 /* ltable.h */,
				BC4CBD791A944B5600C50272 /* ltablib.c */,
				BC4CBD7A1A944B5600C50272 /* ltm.c */,
				BC4CBD7B1A944B5600C50272 /* ltm.h */,
				BC4CBD7C1A944B5600C50272 /* lua.c */,
				BC4CBD7D1A944B5600C50272 /* lua.h */,
				BC4CBD7F1A944B5600C50272 /* luaconf.h */,
				BC4CBD801A944B5600C50272 /* lualib.h */,
				BC4CBD811A944B5600C50272 /* lundump.c */,
				BC4CBD821A944B5600C50272 /* lundump.h */,
				BC4CBD831A944B5600C50272 /* lvm.c */,
				BC4CBD841A944B5600C50272 /* lvm.h */,
				BCB825BC1A9F935700CEF718 /* lvmorig */,
				BC4CBD851A944B5600C50272 /* lzio.c */,
				BC4CBD861A944B5600C50272 /* lzio.h */,
				BC4CBD871A944B5600C50272 /* Makefile */,
				BCADED021A9A1DB400356922 /* ndump.c */,
				BC78D55D1A9F28600024E3A2 /* nlua.c */,
				BCADED071A9AC87F00356922 /* nlua.h */,
				BCADED681A9AD53500356922 /* nluac.c */,
				BC49E3C51A9E2CA400A2CEAC /* nopcodes.c */,
				BC49E3C41A9E2C9000A2CEAC /* nopcodes.h */,
				BCADED031A9A1DB400356922 /* nundump.c */,
				BCADED041A9A1DB400356922 /* nundump.h */,
				BC4CBD881A944B5600C50272 /* print.c */,
				BCADED6C1A9ADADF00356922 /* xor.c */,
				BCADED6D1A9ADADF00356922 /* xor.h */,
			);
			path = nlua;
			sourceTree = "<group>";
		};
/* End PBXGroup section */

/* Begin PBXNativeTarget section */
		BC4CBCA81A944AAD00C50272 /* nlua */ = {
			isa = PBXNativeTarget;
			buildConfigurationList = BC4CBCB01A944AAD00C50272 /* Build configuration list for PBXNativeTarget "nlua" */;
			buildPhases = (
				BC4CBCA51A944AAD00C50272 /* Sources */,
				BC4CBCA61A944AAD00C50272 /* Frameworks */,
				BC4CBCA71A944AAD00C50272 /* CopyFiles */,
			);
			buildRules = (
			);
			dependencies = (
			);
			name = nlua;
			productName = nlua;
			productReference = BC4CBCA91A944AAD00C50272 /* nlua */;
			productType = "com.apple.product-type.tool";
		};
/* End PBXNativeTarget section */

/* Begin PBXProject section */
		BC4CBCA11A944AAD00C50272 /* Project object */ = {
			isa = PBXProject;
			attributes = {
				LastUpgradeCheck = 0610;
				ORGANIZATIONNAME = naga;
				TargetAttributes = {
					BC4CBCA81A944AAD00C50272 = {
						CreatedOnToolsVersion = 6.1.1;
					};
				};
			};
			buildConfigurationList = BC4CBCA41A944AAD00C50272 /* Build configuration list for PBXProject "nlua" */;
			compatibilityVersion = "Xcode 3.2";
			developmentRegion = English;
			hasScannedForEncodings = 0;
			knownRegions = (
				en,
			);
			mainGroup = BC4CBCA01A944AAD00C50272;
			productRefGroup = BC4CBCAA1A944AAD00C50272 /* Products */;
			projectDirPath = "";
			projectRoot = "";
			targets = (
				BC4CBCA81A944AAD00C50272 /* nlua */,
			);
		};
/* End PBXProject section */

/* Begin PBXSourcesBuildPhase section */
		BC4CBCA51A944AAD00C50272 /* Sources */ = {
			isa = PBXSourcesBuildPhase;
			buildActionMask = 2147483647;
			files = (
				BC4CBD931A944B5600C50272 /* linit.c in Sources */,
				BC4CBD921A944B5600C50272 /* lgc.c in Sources */,
				BC4CBD971A944B5600C50272 /* lmem.c in Sources */,
				BC4CBDA81A944B5600C50272 /* Makefile in Sources */,
				BC49E3C61A9E2CA400A2CEAC /* nopcodes.c in Sources */,
				BCADED6F1A9ADADF00356922 /* xor.c in Sources */,
				BC4CBD941A944B5600C50272 /* liolib.c in Sources */,
				BC4CBD911A944B5600C50272 /* lfunc.c in Sources */,
				BC4CBD9E1A944B5600C50272 /* lstring.c in Sources */,
				BC4CBD8D1A944B5600C50272 /* ldblib.c in Sources */,
				BC4CBDA31A944B5600C50272 /* lua.c in Sources */,
				BC4CBDA11A944B5600C50272 /* ltablib.c in Sources */,
				BC4CBDA91A944B5600C50272 /* print.c in Sources */,
				BC4CBDA61A944B5600C50272 /* lvm.c in Sources */,
				BC4CBD951A944B5600C50272 /* llex.c in Sources */,
				BC4CBD981A944B5600C50272 /* loadlib.c in Sources */,
				BC4CBD8B1A944B5600C50272 /* lbaselib.c in Sources */,
				BCADED691A9AD53500356922 /* nluac.c in Sources */,
				BC4CBDA51A944B5600C50272 /* lundump.c in Sources */,
				BC4CBD901A944B5600C50272 /* ldump.c in Sources */,
				BC4CBD8E1A944B5600C50272 /* ldebug.c in Sources */,
				BC4CBD891A944B5600C50272 /* lapi.c in Sources */,
				BC4CBD991A944B5600C50272 /* lobject.c in Sources */,
				BC4CBD9B1A944B5600C50272 /* loslib.c in Sources */,
				BC4CBDA01A944B5600C50272 /* ltable.c in Sources */,
				BCADED061A9A1DB400356922 /* nundump.c in Sources */,
				BC78D55E1A9F28600024E3A2 /* nlua.c in Sources */,
				BC4CBDA71A944B5600C50272 /* lzio.c in Sources */,
				BC4CBD961A944B5600C50272 /* lmathlib.c in Sources */,
				BC4CBD9C1A944B5600C50272 /* lparser.c in Sources */,
				BC4CBD8F1A944B5600C50272 /* ldo.c in Sources */,
				BC4CBD9D1A944B5600C50272 /* lstate.c in Sources */,
				BC4CBD9A1A944B5600C50272 /* lopcodes.c in Sources */,
				BCADED6E1A9ADADF00356922 /* crc.c in Sources */,
				BCADED051A9A1DB400356922 /* ndump.c in Sources */,
				BC4CBD8A1A944B5600C50272 /* lauxlib.c in Sources */,
				BC4CBDA21A944B5600C50272 /* ltm.c in Sources */,
				BC4CBD9F1A944B5600C50272 /* lstrlib.c in Sources */,
				BC4CBD8C1A944B5600C50272 /* lcode.c in Sources */,
			);
			runOnlyForDeploymentPostprocessing = 0;
		};
/* End PBXSourcesBuildPhase section */

/* Begin XCBuildConfiguration section */
		BC4CBCAE1A944AAD00C50272 /* Debug */ = {
			isa = XCBuildConfiguration;
			buildSettings = {
				ALWAYS_SEARCH_USER_PATHS = NO;
				CLANG_CXX_LANGUAGE_STANDARD = "gnu++0x";
				CLANG_CXX_LIBRARY = "libc++";
				CLANG_ENABLE_MODULES = YES;
				CLANG_ENABLE_OBJC_ARC = YES;
				CLANG_WARN_BOOL_CONVERSION = YES;
				CLANG_WARN_CONSTANT_CONVERSION = YES;
				CLANG_WARN_DIRECT_OBJC_ISA_USAGE = YES_ERROR;
				CLANG_WARN_EMPTY_BODY = YES;
				CLANG_WARN_ENUM_CONVERSION = YES;
				CLANG_WARN_INT_CONVERSION = YES;
				CLANG_WARN_OBJC_ROOT_CLASS = YES_ERROR;
				CLANG_WARN_UNREACHABLE_CODE = YES;
				CLANG_WARN__DUPLICATE_METHOD_MATCH = YES;
				COPY_PHASE_STRIP = NO;
				ENABLE_STRICT_OBJC_MSGSEND = YES;
				GCC_C_LANGUAGE_STANDARD = gnu99;
				GCC_DYNAMIC_NO_PIC = NO;
				GCC_OPTIMIZATION_LEVEL = 0;
				GCC_PREPROCESSOR_DEFINITIONS = (
					"DEBUG=1",
					"$(inherited)",
				);
				GCC_SYMBOLS_PRIVATE_EXTERN = NO;
				GCC_WARN_64_TO_32_BIT_CONVERSION = YES;
				GCC_WARN_ABOUT_RETURN_TYPE = YES_ERROR;
				GCC_WARN_UNDECLARED_SELECTOR = YES;
				GCC_WARN_UNINITIALIZED_AUTOS = YES_AGGRESSIVE;
				GCC_WARN_UNUSED_FUNCTION = YES;
				GCC_WARN_UNUSED_VARIABLE = YES;
				MACOSX_DEPLOYMENT_TARGET = 10.10;
				MTL_ENABLE_DEBUG_INFO = YES;
				ONLY_ACTIVE_ARCH = YES;
				SDKROOT = macosx;
			};
			name = Debug;
		};
		BC4CBCAF1A944AAD00C50272 /* Release */ = {
			isa = XCBuildConfiguration;
			buildSettings = {
				ALWAYS_SEARCH_USER_PATHS = NO;
				CLANG_CXX_LANGUAGE_STANDARD = "gnu++0x";
				CLANG_CXX_LIBRARY = "libc++";
				CLANG_ENABLE_MODULES = YES;
				CLANG_ENABLE_OBJC_ARC = YES;
				CLANG_WARN_BOOL_CONVERSION = YES;
				CLANG_WARN_CONSTANT_CONVERSION = YES;
				CLANG_WARN_DIRECT_OBJC_ISA_USAGE = YES_ERROR;
				CLANG_WARN_EMPTY_BODY = YES;
				CLANG_WARN_ENUM_CONVERSION = YES;
				CLANG_WARN_INT_CONVERSION = YES;
				CLANG_WARN_OBJC_ROOT_CLASS = YES_ERROR;
				CLANG_WARN_UNREACHABLE_CODE = YES;
				CLANG_WARN__DUPLICATE_METHOD_MATCH = YES;
				COPY_PHASE_STRIP = YES;
				DEBUG_INFORMATION_FORMAT = "dwarf-with-dsym";
				ENABLE_NS_ASSERTIONS = NO;
				ENABLE_STRICT_OBJC_MSGSEND = YES;
				GCC_C_LANGUAGE_STANDARD = gnu99;
				GCC_WARN_64_TO_32_BIT_CONVERSION = YES;
				GCC_WARN_ABOUT_RETURN_TYPE = YES_ERROR;
				GCC_WARN_UNDECLARED_SELECTOR = YES;
				GCC_WARN_UNINITIALIZED_AUTOS = YES_AGGRESSIVE;
				GCC_WARN_UNUSED_FUNCTION = YES;
				GCC_WARN_UNUSED_VARIABLE = YES;
				MACOSX_DEPLOYMENT_TARGET = 10.10;
				MTL_ENABLE_DEBUG_INFO = NO;
				SDKROOT = macosx;
			};
			name = Release;
		};
		BC4CBCB11A944AAD00C50272 /* Debug */ = {
			isa = XCBuildConfiguration;
			buildSettings = {
				LIBRARY_SEARCH_PATHS = (
					"$(inherited)",
					"/Users/devilogic/workspace/lua-5.1.5/src",
				);
				PRODUCT_NAME = "$(TARGET_NAME)";
			};
			name = Debug;
		};
		BC4CBCB21A944AAD00C50272 /* Release */ = {
			isa = XCBuildConfiguration;
			buildSettings = {
				LIBRARY_SEARCH_PATHS = (
					"$(inherited)",
					"/Users/devilogic/workspace/lua-5.1.5/src",
				);
				PRODUCT_NAME = "$(TARGET_NAME)";
			};
			name = Release;
		};
/* End XCBuildConfiguration section */

/* Begin XCConfigurationList section */
		BC4CBCA41A944AAD00C50272 /* Build configuration list for PBXProject "nlua" */ = {
			isa = XCConfigurationList;
			buildConfigurations = (
				BC4CBCAE1A944AAD00C50272 /* Debug */,
				BC4CBCAF1A944AAD00C50272 /* Release */,
			);
			defaultConfigurationIsVisible = 0;
			defaultConfigurationName = Release;
		};
		BC4CBCB01A944AAD00C50272 /* Build configuration list for PBXNativeTarget "nlua" */ = {
			isa = XCConfigurationList;
			buildConfigurations = (
				BC4CBCB11A944AAD00C50272 /* Debug */,
				BC4CBCB21A944AAD00C50272 /* Release */,
			);
			defaultConfigurationIsVisible = 0;
			defaultConfigurationName = Release;
		};
/* End XCConfigurationList section */
	};
	rootObject = BC4CBCA11A944AAD00C50272 /* Project object */;
}
